
Microsoft Visual Studio Solution File, Format Version 12.00
# Visual Studio Version 17
VisualStudioVersion = 17.7.34202.233
MinimumVisualStudioVersion = 10.0.40219.1
Project("{FAE04EC0-301F-11D3-BF4B-00C04F79EFBC}") = "Calculator_v2.0", "Calculator_v2.0\Calculator_v2.0.csproj", "{6AEEE837-7CBB-4891-B064-91EB6BC46DEC}"
EndProject
Global
	GlobalSection(SolutionConfigurationPlatforms) = preSolution
		Debug|Any CPU = Debug|Any CPU
		Release|Any CPU = Release|Any CPU
	EndGlobalSection
	GlobalSection(ProjectConfigurationPlatforms) = postSolution
		{6AEEE837-7CBB-4891-B064-91EB6BC46DEC}.Debug|Any CPU.ActiveCfg = Debug|Any CPU
		{6AEEE837-7CBB-4891-B064-91EB6BC46DEC}.Debug|Any CPU.Build.0 = Debug|Any CPU
		{6AEEE837-7CBB-4891-B064-91EB6BC46DEC}.Debug|Any CPU.Deploy.0 = Debug|Any CPU
		{6AEEE837-7CBB-4891-B064-91EB6BC46DEC}.Release|Any CPU.ActiveCfg = Release|Any CPU
		{6AEEE837-7CBB-4891-B064-91EB6BC46DEC}.Release|Any CPU.Build.0 = Release|Any CPU
		{6AEEE837-7CBB-4891-B064-91EB6BC46DEC}.Release|Any CPU.Deploy.0 = Release|Any CPU
	EndGlobalSection
	GlobalSection(SolutionProperties) = preSolution
		HideSolutionNode = FALSE
	EndGlobalSection
	GlobalSection(ExtensibilityGlobals) = postSolution
		SolutionGuid = {F35066F0-F14F-4BE6-B548-DA78102F8D23}
	EndGlobalSection
EndGlobal
